
Microsoft Visual Studio Solution File, Format Version 12.00
# Visual Studio Version 17
VisualStudioVersion = 17.0.31903.59
MinimumVisualStudioVersion = 10.0.40219.1
Project("{FAE04EC0-301F-11D3-BF4B-00C04F79EFBC}") = "console", "console\console.csproj", "{1B987BF3-FB3F-461D-AA74-CE129B057367}"
EndProject
Project("{FAE04EC0-301F-11D3-BF4B-00C04F79EFBC}") = "models", "models\models.csproj", "{220824AA-462F-4D86-8B14-3CE5768A0982}"
EndProject
Global
	GlobalSection(SolutionConfigurationPlatforms) = preSolution
		Debug|Any CPU = Debug|Any CPU
		Release|Any CPU = Release|Any CPU
	EndGlobalSection
	GlobalSection(SolutionProperties) = preSolution
		HideSolutionNode = FALSE
	EndGlobalSection
	GlobalSection(ProjectConfigurationPlatforms) = postSolution
		{1B987BF3-FB3F-461D-AA74-CE129B057367}.Debug|Any CPU.ActiveCfg = Debug|Any CPU
		{1B987BF3-FB3F-461D-AA74-CE129B057367}.Debug|Any CPU.Build.0 = Debug|Any CPU
		{1B987BF3-FB3F-461D-AA74-CE129B057367}.Release|Any CPU.ActiveCfg = Release|Any CPU
		{1B987BF3-FB3F-461D-AA74-CE129B057367}.Release|Any CPU.Build.0 = Release|Any CPU
		{220824AA-462F-4D86-8B14-3CE5768A0982}.Debug|Any CPU.ActiveCfg = Debug|Any CPU
		{220824AA-462F-4D86-8B14-3CE5768A0982}.Debug|Any CPU.Build.0 = Debug|Any CPU
		{220824AA-462F-4D86-8B14-3CE5768A0982}.Release|Any CPU.ActiveCfg = Release|Any CPU
		{220824AA-462F-4D86-8B14-3CE5768A0982}.Release|Any CPU.Build.0 = Release|Any CPU
	EndGlobalSection
EndGlobal
