
Microsoft Visual Studio Solution File, Format Version 12.00
# Visual Studio Version 17
VisualStudioVersion = 17.0.31903.59
MinimumVisualStudioVersion = 10.0.40219.1
Project("{FAE04EC0-301F-11D3-BF4B-00C04F79EFBC}") = "console", "console\console.csproj", "{18E6D2B9-A3F1-4351-A8B1-0310D983B497}"
EndProject
Project("{FAE04EC0-301F-11D3-BF4B-00C04F79EFBC}") = "models", "models\models.csproj", "{FC1415A7-2667-4C64-AAC7-A6DC19297857}"
EndProject
Global
	GlobalSection(SolutionConfigurationPlatforms) = preSolution
		Debug|Any CPU = Debug|Any CPU
		Release|Any CPU = Release|Any CPU
	EndGlobalSection
	GlobalSection(SolutionProperties) = preSolution
		HideSolutionNode = FALSE
	EndGlobalSection
	GlobalSection(ProjectConfigurationPlatforms) = postSolution
		{18E6D2B9-A3F1-4351-A8B1-0310D983B497}.Debug|Any CPU.ActiveCfg = Debug|Any CPU
		{18E6D2B9-A3F1-4351-A8B1-0310D983B497}.Debug|Any CPU.Build.0 = Debug|Any CPU
		{18E6D2B9-A3F1-4351-A8B1-0310D983B497}.Release|Any CPU.ActiveCfg = Release|Any CPU
		{18E6D2B9-A3F1-4351-A8B1-0310D983B497}.Release|Any CPU.Build.0 = Release|Any CPU
		{FC1415A7-2667-4C64-AAC7-A6DC19297857}.Debug|Any CPU.ActiveCfg = Debug|Any CPU
		{FC1415A7-2667-4C64-AAC7-A6DC19297857}.Debug|Any CPU.Build.0 = Debug|Any CPU
		{FC1415A7-2667-4C64-AAC7-A6DC19297857}.Release|Any CPU.ActiveCfg = Release|Any CPU
		{FC1415A7-2667-4C64-AAC7-A6DC19297857}.Release|Any CPU.Build.0 = Release|Any CPU
	EndGlobalSection
EndGlobal
