
Microsoft Visual Studio Solution File, Format Version 12.00
# Visual Studio Version 17
VisualStudioVersion = 17.0.31903.59
MinimumVisualStudioVersion = 10.0.40219.1
Project("{FAE04EC0-301F-11D3-BF4B-00C04F79EFBC}") = "console", "console\console.csproj", "{597C5C28-72C2-48EF-B4E6-05BAEBD30B16}"
EndProject
Project("{FAE04EC0-301F-11D3-BF4B-00C04F79EFBC}") = "models", "models\models.csproj", "{12EC6AF8-88B5-4369-B756-8FA069649465}"
EndProject
Global
	GlobalSection(SolutionConfigurationPlatforms) = preSolution
		Debug|Any CPU = Debug|Any CPU
		Release|Any CPU = Release|Any CPU
	EndGlobalSection
	GlobalSection(SolutionProperties) = preSolution
		HideSolutionNode = FALSE
	EndGlobalSection
	GlobalSection(ProjectConfigurationPlatforms) = postSolution
		{597C5C28-72C2-48EF-B4E6-05BAEBD30B16}.Debug|Any CPU.ActiveCfg = Debug|Any CPU
		{597C5C28-72C2-48EF-B4E6-05BAEBD30B16}.Debug|Any CPU.Build.0 = Debug|Any CPU
		{597C5C28-72C2-48EF-B4E6-05BAEBD30B16}.Release|Any CPU.ActiveCfg = Release|Any CPU
		{597C5C28-72C2-48EF-B4E6-05BAEBD30B16}.Release|Any CPU.Build.0 = Release|Any CPU
		{12EC6AF8-88B5-4369-B756-8FA069649465}.Debug|Any CPU.ActiveCfg = Debug|Any CPU
		{12EC6AF8-88B5-4369-B756-8FA069649465}.Debug|Any CPU.Build.0 = Debug|Any CPU
		{12EC6AF8-88B5-4369-B756-8FA069649465}.Release|Any CPU.ActiveCfg = Release|Any CPU
		{12EC6AF8-88B5-4369-B756-8FA069649465}.Release|Any CPU.Build.0 = Release|Any CPU
	EndGlobalSection
EndGlobal
