
Microsoft Visual Studio Solution File, Format Version 12.00
# Visual Studio Version 17
VisualStudioVersion = 17.0.31903.59
MinimumVisualStudioVersion = 10.0.40219.1
Project("{FAE04EC0-301F-11D3-BF4B-00C04F79EFBC}") = "console", "console\console.csproj", "{B7728163-D3F4-44D0-AAFC-BC4033E928CD}"
EndProject
Project("{FAE04EC0-301F-11D3-BF4B-00C04F79EFBC}") = "models", "models\models.csproj", "{EC968A95-83DB-42EF-909F-3FD84FCAC7A8}"
EndProject
Global
	GlobalSection(SolutionConfigurationPlatforms) = preSolution
		Debug|Any CPU = Debug|Any CPU
		Release|Any CPU = Release|Any CPU
	EndGlobalSection
	GlobalSection(SolutionProperties) = preSolution
		HideSolutionNode = FALSE
	EndGlobalSection
	GlobalSection(ProjectConfigurationPlatforms) = postSolution
		{B7728163-D3F4-44D0-AAFC-BC4033E928CD}.Debug|Any CPU.ActiveCfg = Debug|Any CPU
		{B7728163-D3F4-44D0-AAFC-BC4033E928CD}.Debug|Any CPU.Build.0 = Debug|Any CPU
		{B7728163-D3F4-44D0-AAFC-BC4033E928CD}.Release|Any CPU.ActiveCfg = Release|Any CPU
		{B7728163-D3F4-44D0-AAFC-BC4033E928CD}.Release|Any CPU.Build.0 = Release|Any CPU
		{EC968A95-83DB-42EF-909F-3FD84FCAC7A8}.Debug|Any CPU.ActiveCfg = Debug|Any CPU
		{EC968A95-83DB-42EF-909F-3FD84FCAC7A8}.Debug|Any CPU.Build.0 = Debug|Any CPU
		{EC968A95-83DB-42EF-909F-3FD84FCAC7A8}.Release|Any CPU.ActiveCfg = Release|Any CPU
		{EC968A95-83DB-42EF-909F-3FD84FCAC7A8}.Release|Any CPU.Build.0 = Release|Any CPU
	EndGlobalSection
EndGlobal
