
Microsoft Visual Studio Solution File, Format Version 12.00
# Visual Studio Version 17
VisualStudioVersion = 17.0.31903.59
MinimumVisualStudioVersion = 10.0.40219.1
Project("{FAE04EC0-301F-11D3-BF4B-00C04F79EFBC}") = "console", "console\console.csproj", "{DB30413F-475C-4718-9BA0-E147478F9E16}"
EndProject
Project("{FAE04EC0-301F-11D3-BF4B-00C04F79EFBC}") = "models", "models\models.csproj", "{258084A8-784D-4AF2-A6C7-5F8C906FB68A}"
EndProject
Global
	GlobalSection(SolutionConfigurationPlatforms) = preSolution
		Debug|Any CPU = Debug|Any CPU
		Release|Any CPU = Release|Any CPU
	EndGlobalSection
	GlobalSection(SolutionProperties) = preSolution
		HideSolutionNode = FALSE
	EndGlobalSection
	GlobalSection(ProjectConfigurationPlatforms) = postSolution
		{DB30413F-475C-4718-9BA0-E147478F9E16}.Debug|Any CPU.ActiveCfg = Debug|Any CPU
		{DB30413F-475C-4718-9BA0-E147478F9E16}.Debug|Any CPU.Build.0 = Debug|Any CPU
		{DB30413F-475C-4718-9BA0-E147478F9E16}.Release|Any CPU.ActiveCfg = Release|Any CPU
		{DB30413F-475C-4718-9BA0-E147478F9E16}.Release|Any CPU.Build.0 = Release|Any CPU
		{258084A8-784D-4AF2-A6C7-5F8C906FB68A}.Debug|Any CPU.ActiveCfg = Debug|Any CPU
		{258084A8-784D-4AF2-A6C7-5F8C906FB68A}.Debug|Any CPU.Build.0 = Debug|Any CPU
		{258084A8-784D-4AF2-A6C7-5F8C906FB68A}.Release|Any CPU.ActiveCfg = Release|Any CPU
		{258084A8-784D-4AF2-A6C7-5F8C906FB68A}.Release|Any CPU.Build.0 = Release|Any CPU
	EndGlobalSection
EndGlobal
