
Microsoft Visual Studio Solution File, Format Version 12.00
# Visual Studio Version 17
VisualStudioVersion = 17.0.31903.59
MinimumVisualStudioVersion = 10.0.40219.1
Project("{FAE04EC0-301F-11D3-BF4B-00C04F79EFBC}") = "console", "console\console.csproj", "{F091B184-773C-4562-B0C5-7586382F3B34}"
EndProject
Project("{FAE04EC0-301F-11D3-BF4B-00C04F79EFBC}") = "models", "models\models.csproj", "{A0D00727-D7B6-435E-AB22-AF6951C99B56}"
EndProject
Global
	GlobalSection(SolutionConfigurationPlatforms) = preSolution
		Debug|Any CPU = Debug|Any CPU
		Release|Any CPU = Release|Any CPU
	EndGlobalSection
	GlobalSection(SolutionProperties) = preSolution
		HideSolutionNode = FALSE
	EndGlobalSection
	GlobalSection(ProjectConfigurationPlatforms) = postSolution
		{F091B184-773C-4562-B0C5-7586382F3B34}.Debug|Any CPU.ActiveCfg = Debug|Any CPU
		{F091B184-773C-4562-B0C5-7586382F3B34}.Debug|Any CPU.Build.0 = Debug|Any CPU
		{F091B184-773C-4562-B0C5-7586382F3B34}.Release|Any CPU.ActiveCfg = Release|Any CPU
		{F091B184-773C-4562-B0C5-7586382F3B34}.Release|Any CPU.Build.0 = Release|Any CPU
		{A0D00727-D7B6-435E-AB22-AF6951C99B56}.Debug|Any CPU.ActiveCfg = Debug|Any CPU
		{A0D00727-D7B6-435E-AB22-AF6951C99B56}.Debug|Any CPU.Build.0 = Debug|Any CPU
		{A0D00727-D7B6-435E-AB22-AF6951C99B56}.Release|Any CPU.ActiveCfg = Release|Any CPU
		{A0D00727-D7B6-435E-AB22-AF6951C99B56}.Release|Any CPU.Build.0 = Release|Any CPU
	EndGlobalSection
EndGlobal
