
Microsoft Visual Studio Solution File, Format Version 12.00
# Visual Studio Version 17
VisualStudioVersion = 17.0.31903.59
MinimumVisualStudioVersion = 10.0.40219.1
Project("{FAE04EC0-301F-11D3-BF4B-00C04F79EFBC}") = "console", "console\console.csproj", "{66F8BD0B-148E-4C93-B639-956B042BDCFB}"
EndProject
Project("{FAE04EC0-301F-11D3-BF4B-00C04F79EFBC}") = "models", "models\models.csproj", "{E29504E7-4B0A-4C34-A0D5-53C9A4C348EA}"
EndProject
Global
	GlobalSection(SolutionConfigurationPlatforms) = preSolution
		Debug|Any CPU = Debug|Any CPU
		Release|Any CPU = Release|Any CPU
	EndGlobalSection
	GlobalSection(SolutionProperties) = preSolution
		HideSolutionNode = FALSE
	EndGlobalSection
	GlobalSection(ProjectConfigurationPlatforms) = postSolution
		{66F8BD0B-148E-4C93-B639-956B042BDCFB}.Debug|Any CPU.ActiveCfg = Debug|Any CPU
		{66F8BD0B-148E-4C93-B639-956B042BDCFB}.Debug|Any CPU.Build.0 = Debug|Any CPU
		{66F8BD0B-148E-4C93-B639-956B042BDCFB}.Release|Any CPU.ActiveCfg = Release|Any CPU
		{66F8BD0B-148E-4C93-B639-956B042BDCFB}.Release|Any CPU.Build.0 = Release|Any CPU
		{E29504E7-4B0A-4C34-A0D5-53C9A4C348EA}.Debug|Any CPU.ActiveCfg = Debug|Any CPU
		{E29504E7-4B0A-4C34-A0D5-53C9A4C348EA}.Debug|Any CPU.Build.0 = Debug|Any CPU
		{E29504E7-4B0A-4C34-A0D5-53C9A4C348EA}.Release|Any CPU.ActiveCfg = Release|Any CPU
		{E29504E7-4B0A-4C34-A0D5-53C9A4C348EA}.Release|Any CPU.Build.0 = Release|Any CPU
	EndGlobalSection
EndGlobal
