
Microsoft Visual Studio Solution File, Format Version 12.00
# Visual Studio Version 17
VisualStudioVersion = 17.0.31903.59
MinimumVisualStudioVersion = 10.0.40219.1
Project("{FAE04EC0-301F-11D3-BF4B-00C04F79EFBC}") = "console", "console\console.csproj", "{74F9B641-F0F5-490E-BA6F-2B78D5884263}"
EndProject
Project("{FAE04EC0-301F-11D3-BF4B-00C04F79EFBC}") = "models", "models\models.csproj", "{6CA0F7C0-834D-435B-86D9-064263187032}"
EndProject
Global
	GlobalSection(SolutionConfigurationPlatforms) = preSolution
		Debug|Any CPU = Debug|Any CPU
		Release|Any CPU = Release|Any CPU
	EndGlobalSection
	GlobalSection(SolutionProperties) = preSolution
		HideSolutionNode = FALSE
	EndGlobalSection
	GlobalSection(ProjectConfigurationPlatforms) = postSolution
		{74F9B641-F0F5-490E-BA6F-2B78D5884263}.Debug|Any CPU.ActiveCfg = Debug|Any CPU
		{74F9B641-F0F5-490E-BA6F-2B78D5884263}.Debug|Any CPU.Build.0 = Debug|Any CPU
		{74F9B641-F0F5-490E-BA6F-2B78D5884263}.Release|Any CPU.ActiveCfg = Release|Any CPU
		{74F9B641-F0F5-490E-BA6F-2B78D5884263}.Release|Any CPU.Build.0 = Release|Any CPU
		{6CA0F7C0-834D-435B-86D9-064263187032}.Debug|Any CPU.ActiveCfg = Debug|Any CPU
		{6CA0F7C0-834D-435B-86D9-064263187032}.Debug|Any CPU.Build.0 = Debug|Any CPU
		{6CA0F7C0-834D-435B-86D9-064263187032}.Release|Any CPU.ActiveCfg = Release|Any CPU
		{6CA0F7C0-834D-435B-86D9-064263187032}.Release|Any CPU.Build.0 = Release|Any CPU
	EndGlobalSection
EndGlobal
