
Microsoft Visual Studio Solution File, Format Version 12.00
# Visual Studio Version 17
VisualStudioVersion = 17.0.31903.59
MinimumVisualStudioVersion = 10.0.40219.1
Project("{FAE04EC0-301F-11D3-BF4B-00C04F79EFBC}") = "console", "console\console.csproj", "{968507C6-9CD1-4288-AF17-000D199BA2C6}"
EndProject
Project("{FAE04EC0-301F-11D3-BF4B-00C04F79EFBC}") = "models", "models\models.csproj", "{B9E26963-6637-4964-81CF-BBAC03E6B840}"
EndProject
Global
	GlobalSection(SolutionConfigurationPlatforms) = preSolution
		Debug|Any CPU = Debug|Any CPU
		Release|Any CPU = Release|Any CPU
	EndGlobalSection
	GlobalSection(SolutionProperties) = preSolution
		HideSolutionNode = FALSE
	EndGlobalSection
	GlobalSection(ProjectConfigurationPlatforms) = postSolution
		{968507C6-9CD1-4288-AF17-000D199BA2C6}.Debug|Any CPU.ActiveCfg = Debug|Any CPU
		{968507C6-9CD1-4288-AF17-000D199BA2C6}.Debug|Any CPU.Build.0 = Debug|Any CPU
		{968507C6-9CD1-4288-AF17-000D199BA2C6}.Release|Any CPU.ActiveCfg = Release|Any CPU
		{968507C6-9CD1-4288-AF17-000D199BA2C6}.Release|Any CPU.Build.0 = Release|Any CPU
		{B9E26963-6637-4964-81CF-BBAC03E6B840}.Debug|Any CPU.ActiveCfg = Debug|Any CPU
		{B9E26963-6637-4964-81CF-BBAC03E6B840}.Debug|Any CPU.Build.0 = Debug|Any CPU
		{B9E26963-6637-4964-81CF-BBAC03E6B840}.Release|Any CPU.ActiveCfg = Release|Any CPU
		{B9E26963-6637-4964-81CF-BBAC03E6B840}.Release|Any CPU.Build.0 = Release|Any CPU
	EndGlobalSection
EndGlobal
