
Microsoft Visual Studio Solution File, Format Version 12.00
# Visual Studio Version 17
VisualStudioVersion = 17.0.31903.59
MinimumVisualStudioVersion = 10.0.40219.1
Project("{FAE04EC0-301F-11D3-BF4B-00C04F79EFBC}") = "console", "console\console.csproj", "{106ECA79-DD6E-440F-837E-A5C9810EE5FC}"
EndProject
Project("{FAE04EC0-301F-11D3-BF4B-00C04F79EFBC}") = "models", "models\models.csproj", "{4828A5D9-46CE-4D57-9A41-91E150FDCEAF}"
EndProject
Global
	GlobalSection(SolutionConfigurationPlatforms) = preSolution
		Debug|Any CPU = Debug|Any CPU
		Release|Any CPU = Release|Any CPU
	EndGlobalSection
	GlobalSection(SolutionProperties) = preSolution
		HideSolutionNode = FALSE
	EndGlobalSection
	GlobalSection(ProjectConfigurationPlatforms) = postSolution
		{106ECA79-DD6E-440F-837E-A5C9810EE5FC}.Debug|Any CPU.ActiveCfg = Debug|Any CPU
		{106ECA79-DD6E-440F-837E-A5C9810EE5FC}.Debug|Any CPU.Build.0 = Debug|Any CPU
		{106ECA79-DD6E-440F-837E-A5C9810EE5FC}.Release|Any CPU.ActiveCfg = Release|Any CPU
		{106ECA79-DD6E-440F-837E-A5C9810EE5FC}.Release|Any CPU.Build.0 = Release|Any CPU
		{4828A5D9-46CE-4D57-9A41-91E150FDCEAF}.Debug|Any CPU.ActiveCfg = Debug|Any CPU
		{4828A5D9-46CE-4D57-9A41-91E150FDCEAF}.Debug|Any CPU.Build.0 = Debug|Any CPU
		{4828A5D9-46CE-4D57-9A41-91E150FDCEAF}.Release|Any CPU.ActiveCfg = Release|Any CPU
		{4828A5D9-46CE-4D57-9A41-91E150FDCEAF}.Release|Any CPU.Build.0 = Release|Any CPU
	EndGlobalSection
EndGlobal
