
Microsoft Visual Studio Solution File, Format Version 12.00
# Visual Studio Version 17
VisualStudioVersion = 17.0.31903.59
MinimumVisualStudioVersion = 10.0.40219.1
Project("{FAE04EC0-301F-11D3-BF4B-00C04F79EFBC}") = "console", "console\console.csproj", "{92CAA110-C942-4286-BF06-6694411DEFB9}"
EndProject
Project("{FAE04EC0-301F-11D3-BF4B-00C04F79EFBC}") = "models", "models\models.csproj", "{B733BF02-4EA5-433D-A6C9-58014582BF55}"
EndProject
Global
	GlobalSection(SolutionConfigurationPlatforms) = preSolution
		Debug|Any CPU = Debug|Any CPU
		Release|Any CPU = Release|Any CPU
	EndGlobalSection
	GlobalSection(SolutionProperties) = preSolution
		HideSolutionNode = FALSE
	EndGlobalSection
	GlobalSection(ProjectConfigurationPlatforms) = postSolution
		{92CAA110-C942-4286-BF06-6694411DEFB9}.Debug|Any CPU.ActiveCfg = Debug|Any CPU
		{92CAA110-C942-4286-BF06-6694411DEFB9}.Debug|Any CPU.Build.0 = Debug|Any CPU
		{92CAA110-C942-4286-BF06-6694411DEFB9}.Release|Any CPU.ActiveCfg = Release|Any CPU
		{92CAA110-C942-4286-BF06-6694411DEFB9}.Release|Any CPU.Build.0 = Release|Any CPU
		{B733BF02-4EA5-433D-A6C9-58014582BF55}.Debug|Any CPU.ActiveCfg = Debug|Any CPU
		{B733BF02-4EA5-433D-A6C9-58014582BF55}.Debug|Any CPU.Build.0 = Debug|Any CPU
		{B733BF02-4EA5-433D-A6C9-58014582BF55}.Release|Any CPU.ActiveCfg = Release|Any CPU
		{B733BF02-4EA5-433D-A6C9-58014582BF55}.Release|Any CPU.Build.0 = Release|Any CPU
	EndGlobalSection
EndGlobal
