
Microsoft Visual Studio Solution File, Format Version 12.00
# Visual Studio Version 17
VisualStudioVersion = 17.0.31903.59
MinimumVisualStudioVersion = 10.0.40219.1
Project("{9A19103F-16F7-4668-BE54-9A1E7A4F7556}") = "console", "console\console.csproj", "{463BBC67-C5E3-4314-B54B-3D23E54DC8DE}"
EndProject
Project("{9A19103F-16F7-4668-BE54-9A1E7A4F7556}") = "models", "models\models.csproj", "{8FB4F2E6-A841-4E59-B1B2-70FB54403C47}"
EndProject
Project("{FAE04EC0-301F-11D3-BF4B-00C04F79EFBC}") = "test", "test\test.csproj", "{92C9B1DB-1C7E-45A0-A366-7430C4D163E0}"
EndProject
Global
	GlobalSection(SolutionConfigurationPlatforms) = preSolution
		Debug|Any CPU = Debug|Any CPU
		Release|Any CPU = Release|Any CPU
	EndGlobalSection
	GlobalSection(ProjectConfigurationPlatforms) = postSolution
		{463BBC67-C5E3-4314-B54B-3D23E54DC8DE}.Debug|Any CPU.ActiveCfg = Debug|Any CPU
		{463BBC67-C5E3-4314-B54B-3D23E54DC8DE}.Debug|Any CPU.Build.0 = Debug|Any CPU
		{463BBC67-C5E3-4314-B54B-3D23E54DC8DE}.Release|Any CPU.ActiveCfg = Release|Any CPU
		{463BBC67-C5E3-4314-B54B-3D23E54DC8DE}.Release|Any CPU.Build.0 = Release|Any CPU
		{8FB4F2E6-A841-4E59-B1B2-70FB54403C47}.Debug|Any CPU.ActiveCfg = Debug|Any CPU
		{8FB4F2E6-A841-4E59-B1B2-70FB54403C47}.Debug|Any CPU.Build.0 = Debug|Any CPU
		{8FB4F2E6-A841-4E59-B1B2-70FB54403C47}.Release|Any CPU.ActiveCfg = Release|Any CPU
		{8FB4F2E6-A841-4E59-B1B2-70FB54403C47}.Release|Any CPU.Build.0 = Release|Any CPU
		{92C9B1DB-1C7E-45A0-A366-7430C4D163E0}.Debug|Any CPU.ActiveCfg = Debug|Any CPU
		{92C9B1DB-1C7E-45A0-A366-7430C4D163E0}.Debug|Any CPU.Build.0 = Debug|Any CPU
		{92C9B1DB-1C7E-45A0-A366-7430C4D163E0}.Release|Any CPU.ActiveCfg = Release|Any CPU
		{92C9B1DB-1C7E-45A0-A366-7430C4D163E0}.Release|Any CPU.Build.0 = Release|Any CPU
	EndGlobalSection
	GlobalSection(SolutionProperties) = preSolution
		HideSolutionNode = FALSE
	EndGlobalSection
	GlobalSection(ExtensibilityGlobals) = postSolution
		SolutionGuid = {A0B3ED84-E692-4CE2-A5FB-8C1C095E8060}
	EndGlobalSection
EndGlobal
