
Microsoft Visual Studio Solution File, Format Version 12.00
# Visual Studio Version 17
VisualStudioVersion = 17.0.31903.59
MinimumVisualStudioVersion = 10.0.40219.1
Project("{FAE04EC0-301F-11D3-BF4B-00C04F79EFBC}") = "console", "console\console.csproj", "{0EA00E5D-4ED1-4A42-A8AB-4796D7C5C2F1}"
EndProject
Project("{FAE04EC0-301F-11D3-BF4B-00C04F79EFBC}") = "models", "models\models.csproj", "{B16E7E1E-9C84-4837-BD5E-285D7D9B669A}"
EndProject
Global
	GlobalSection(SolutionConfigurationPlatforms) = preSolution
		Debug|Any CPU = Debug|Any CPU
		Release|Any CPU = Release|Any CPU
	EndGlobalSection
	GlobalSection(SolutionProperties) = preSolution
		HideSolutionNode = FALSE
	EndGlobalSection
	GlobalSection(ProjectConfigurationPlatforms) = postSolution
		{0EA00E5D-4ED1-4A42-A8AB-4796D7C5C2F1}.Debug|Any CPU.ActiveCfg = Debug|Any CPU
		{0EA00E5D-4ED1-4A42-A8AB-4796D7C5C2F1}.Debug|Any CPU.Build.0 = Debug|Any CPU
		{0EA00E5D-4ED1-4A42-A8AB-4796D7C5C2F1}.Release|Any CPU.ActiveCfg = Release|Any CPU
		{0EA00E5D-4ED1-4A42-A8AB-4796D7C5C2F1}.Release|Any CPU.Build.0 = Release|Any CPU
		{B16E7E1E-9C84-4837-BD5E-285D7D9B669A}.Debug|Any CPU.ActiveCfg = Debug|Any CPU
		{B16E7E1E-9C84-4837-BD5E-285D7D9B669A}.Debug|Any CPU.Build.0 = Debug|Any CPU
		{B16E7E1E-9C84-4837-BD5E-285D7D9B669A}.Release|Any CPU.ActiveCfg = Release|Any CPU
		{B16E7E1E-9C84-4837-BD5E-285D7D9B669A}.Release|Any CPU.Build.0 = Release|Any CPU
	EndGlobalSection
EndGlobal
